
Microsoft Visual Studio Solution File, Format Version 12.00
# Visual Studio Version 17
VisualStudioVersion = 17.10.34916.146
MinimumVisualStudioVersion = 10.0.40219.1
Project("{2150E333-8FDC-42A3-9474-1A3956D46DE8}") = "Applications", "Applications", "{CF9FF526-3614-4A3A-B4EE-5160CD823915}"
EndProject
Project("{2150E333-8FDC-42A3-9474-1A3956D46DE8}") = "Libraries", "Libraries", "{41766D23-4012-48C9-A3A2-0A2444A90161}"
EndProject
Project("{9A19103F-16F7-4668-BE54-9A1E7A4F7556}") = "SV21T1020171.Web", "SV21T1020171.Web\SV21T1020171.Web.csproj", "{5FBDF4CA-C6FB-4FC0-9224-D2F066B4663C}"
EndProject
Project("{9A19103F-16F7-4668-BE54-9A1E7A4F7556}") = "SV21T1020171.DomainModels", "SV21T1020171.DomainModels\SV21T1020171.DomainModels.csproj", "{158495DC-57F9-4ED4-9E9F-4ECC47E6B6F8}"
EndProject
Project("{9A19103F-16F7-4668-BE54-9A1E7A4F7556}") = "SV21T1020171.DataLayers", "SV21T1020171.DataLayers\SV21T1020171.DataLayers.csproj", "{6665EAFC-9DB2-45AF-A985-C6360ABB823A}"
EndProject
Project("{9A19103F-16F7-4668-BE54-9A1E7A4F7556}") = "SV21T1020171.BusinessLayers", "SV21T1020171.BusinessLayers\SV21T1020171.BusinessLayers.csproj", "{91CC6BE1-FD6A-4136-A435-9D86E41AEBEC}"
EndProject
Project("{2150E333-8FDC-42A3-9474-1A3956D46DE8}") = "Models", "Models", "{6C014DB4-2A33-4E09-B6A9-682AC4912795}"
EndProject
Global
	GlobalSection(SolutionConfigurationPlatforms) = preSolution
		Debug|Any CPU = Debug|Any CPU
		Release|Any CPU = Release|Any CPU
	EndGlobalSection
	GlobalSection(ProjectConfigurationPlatforms) = postSolution
		{5FBDF4CA-C6FB-4FC0-9224-D2F066B4663C}.Debug|Any CPU.ActiveCfg = Debug|Any CPU
		{5FBDF4CA-C6FB-4FC0-9224-D2F066B4663C}.Debug|Any CPU.Build.0 = Debug|Any CPU
		{5FBDF4CA-C6FB-4FC0-9224-D2F066B4663C}.Release|Any CPU.ActiveCfg = Release|Any CPU
		{5FBDF4CA-C6FB-4FC0-9224-D2F066B4663C}.Release|Any CPU.Build.0 = Release|Any CPU
		{158495DC-57F9-4ED4-9E9F-4ECC47E6B6F8}.Debug|Any CPU.ActiveCfg = Debug|Any CPU
		{158495DC-57F9-4ED4-9E9F-4ECC47E6B6F8}.Debug|Any CPU.Build.0 = Debug|Any CPU
		{158495DC-57F9-4ED4-9E9F-4ECC47E6B6F8}.Release|Any CPU.ActiveCfg = Release|Any CPU
		{158495DC-57F9-4ED4-9E9F-4ECC47E6B6F8}.Release|Any CPU.Build.0 = Release|Any CPU
		{6665EAFC-9DB2-45AF-A985-C6360ABB823A}.Debug|Any CPU.ActiveCfg = Debug|Any CPU
		{6665EAFC-9DB2-45AF-A985-C6360ABB823A}.Debug|Any CPU.Build.0 = Debug|Any CPU
		{6665EAFC-9DB2-45AF-A985-C6360ABB823A}.Release|Any CPU.ActiveCfg = Release|Any CPU
		{6665EAFC-9DB2-45AF-A985-C6360ABB823A}.Release|Any CPU.Build.0 = Release|Any CPU
		{91CC6BE1-FD6A-4136-A435-9D86E41AEBEC}.Debug|Any CPU.ActiveCfg = Debug|Any CPU
		{91CC6BE1-FD6A-4136-A435-9D86E41AEBEC}.Debug|Any CPU.Build.0 = Debug|Any CPU
		{91CC6BE1-FD6A-4136-A435-9D86E41AEBEC}.Release|Any CPU.ActiveCfg = Release|Any CPU
		{91CC6BE1-FD6A-4136-A435-9D86E41AEBEC}.Release|Any CPU.Build.0 = Release|Any CPU
	EndGlobalSection
	GlobalSection(SolutionProperties) = preSolution
		HideSolutionNode = FALSE
	EndGlobalSection
	GlobalSection(NestedProjects) = preSolution
		{5FBDF4CA-C6FB-4FC0-9224-D2F066B4663C} = {CF9FF526-3614-4A3A-B4EE-5160CD823915}
		{158495DC-57F9-4ED4-9E9F-4ECC47E6B6F8} = {41766D23-4012-48C9-A3A2-0A2444A90161}
		{6665EAFC-9DB2-45AF-A985-C6360ABB823A} = {41766D23-4012-48C9-A3A2-0A2444A90161}
		{91CC6BE1-FD6A-4136-A435-9D86E41AEBEC} = {41766D23-4012-48C9-A3A2-0A2444A90161}
		{6C014DB4-2A33-4E09-B6A9-682AC4912795} = {41766D23-4012-48C9-A3A2-0A2444A90161}
	EndGlobalSection
	GlobalSection(ExtensibilityGlobals) = postSolution
		SolutionGuid = {31FEA76B-2531-453C-9A6E-5964BE76A677}
	EndGlobalSection
EndGlobal
